
Microsoft Visual Studio Solution File, Format Version 12.00
# Visual Studio Version 17
VisualStudioVersion = 17.1.32319.34
MinimumVisualStudioVersion = 10.0.40219.1
Project("{2150E333-8FDC-42A3-9474-1A3956D46DE8}") = "Services", "Services", "{13DDFB6C-F723-442F-9383-C0245483F8BB}"
EndProject
Project("{2150E333-8FDC-42A3-9474-1A3956D46DE8}") = "Articles", "Articles", "{DC5E8B76-74E4-4322-8FD4-384111243A52}"
EndProject
Project("{9A19103F-16F7-4668-BE54-9A1E7A4F7556}") = "Articles.API", "Services\Articles\Articles.API\Articles.API.csproj", "{4C2B6AC3-5C69-42CA-82E9-A5B54BC2CB45}"
EndProject
Project("{E53339B2-1760-4266-BCC7-CA923CBCF16C}") = "docker-compose", "docker-compose.dcproj", "{3BB76A2E-C7AB-4164-AF07-226E17664110}"
EndProject
Project("{2150E333-8FDC-42A3-9474-1A3956D46DE8}") = "Users", "Users", "{9987B8BE-0C26-462E-8972-679AF523EF79}"
EndProject
Project("{9A19103F-16F7-4668-BE54-9A1E7A4F7556}") = "Users.API", "Services\Users\Users.API\Users.API.csproj", "{4FB2F4C0-B71F-480B-948A-115ABB9730CE}"
EndProject
Project("{2150E333-8FDC-42A3-9474-1A3956D46DE8}") = "Inventory", "Inventory", "{10F56D0B-95B4-4B5E-AC15-13C131AE49DE}"
EndProject
Project("{9A19103F-16F7-4668-BE54-9A1E7A4F7556}") = "Inventory.API", "Services\Inventory\Inventory.API\Inventory.API.csproj", "{63B79B41-D922-41B1-B821-2D01F0CB30BB}"
EndProject
Project("{2150E333-8FDC-42A3-9474-1A3956D46DE8}") = "Transport", "Transport", "{408DA627-2FCC-4564-AFCA-635BED6AE0EC}"
EndProject
Project("{9A19103F-16F7-4668-BE54-9A1E7A4F7556}") = "Transport.API", "Services\Transport\Transport.API\Transport.API.csproj", "{0A6A9FF7-A894-4B1E-9F9F-8B1ED2DEA955}"
EndProject
Project("{2150E333-8FDC-42A3-9474-1A3956D46DE8}") = "Vehicles", "Vehicles", "{61C7EEE5-F55B-4E2B-B1B3-0AC533FACBFD}"
EndProject
Project("{9A19103F-16F7-4668-BE54-9A1E7A4F7556}") = "Vehicles.API", "Services\Vehicles\Vehicles.API\Vehicles.API.csproj", "{D52CC6CE-CEFD-45E0-AE8A-5B90A3D5F77D}"
EndProject
Project("{9A19103F-16F7-4668-BE54-9A1E7A4F7556}") = "Vehicles.Grpc", "Services\Vehicles\Vehicles.Grpc\Vehicles.Grpc.csproj", "{722C1ADA-3A26-42BE-8733-3944DB4FD45C}"
EndProject
Project("{2150E333-8FDC-42A3-9474-1A3956D46DE8}") = "Deliveries", "Deliveries", "{566B9985-7590-437D-984D-39E1639A8640}"
EndProject
Project("{9A19103F-16F7-4668-BE54-9A1E7A4F7556}") = "Deliveries.API", "Services\Deliveries\Deliveries.API\Deliveries.API.csproj", "{2E56810E-6E2F-4BE3-A09F-2E487EACBED9}"
EndProject
Project("{2150E333-8FDC-42A3-9474-1A3956D46DE8}") = "Bikes", "Bikes", "{4561D59A-8746-4B27-AFEE-C17034419896}"
EndProject
Project("{9A19103F-16F7-4668-BE54-9A1E7A4F7556}") = "Bikes.API", "Services\Bikes\Bikes.API\Bikes.API.csproj", "{3877054A-C434-467B-9AB2-BE0152E46D97}"
EndProject
Project("{9A19103F-16F7-4668-BE54-9A1E7A4F7556}") = "Bikes.Grpc", "Services\Bikes\Bikes.Grpc\Bikes.Grpc.csproj", "{99391BB9-F166-4022-AC07-AD6654336944}"
EndProject
Global
	GlobalSection(SolutionConfigurationPlatforms) = preSolution
		Debug|Any CPU = Debug|Any CPU
		Debug|x64 = Debug|x64
		Release|Any CPU = Release|Any CPU
		Release|x64 = Release|x64
	EndGlobalSection
	GlobalSection(ProjectConfigurationPlatforms) = postSolution
		{4C2B6AC3-5C69-42CA-82E9-A5B54BC2CB45}.Debug|Any CPU.ActiveCfg = Debug|Any CPU
		{4C2B6AC3-5C69-42CA-82E9-A5B54BC2CB45}.Debug|Any CPU.Build.0 = Debug|Any CPU
		{4C2B6AC3-5C69-42CA-82E9-A5B54BC2CB45}.Debug|x64.ActiveCfg = Debug|Any CPU
		{4C2B6AC3-5C69-42CA-82E9-A5B54BC2CB45}.Debug|x64.Build.0 = Debug|Any CPU
		{4C2B6AC3-5C69-42CA-82E9-A5B54BC2CB45}.Release|Any CPU.ActiveCfg = Release|Any CPU
		{4C2B6AC3-5C69-42CA-82E9-A5B54BC2CB45}.Release|Any CPU.Build.0 = Release|Any CPU
		{4C2B6AC3-5C69-42CA-82E9-A5B54BC2CB45}.Release|x64.ActiveCfg = Release|Any CPU
		{4C2B6AC3-5C69-42CA-82E9-A5B54BC2CB45}.Release|x64.Build.0 = Release|Any CPU
		{3BB76A2E-C7AB-4164-AF07-226E17664110}.Debug|Any CPU.ActiveCfg = Debug|Any CPU
		{3BB76A2E-C7AB-4164-AF07-226E17664110}.Debug|Any CPU.Build.0 = Debug|Any CPU
		{3BB76A2E-C7AB-4164-AF07-226E17664110}.Debug|x64.ActiveCfg = Debug|Any CPU
		{3BB76A2E-C7AB-4164-AF07-226E17664110}.Debug|x64.Build.0 = Debug|Any CPU
		{3BB76A2E-C7AB-4164-AF07-226E17664110}.Release|Any CPU.ActiveCfg = Release|Any CPU
		{3BB76A2E-C7AB-4164-AF07-226E17664110}.Release|Any CPU.Build.0 = Release|Any CPU
		{3BB76A2E-C7AB-4164-AF07-226E17664110}.Release|x64.ActiveCfg = Release|Any CPU
		{3BB76A2E-C7AB-4164-AF07-226E17664110}.Release|x64.Build.0 = Release|Any CPU
		{4FB2F4C0-B71F-480B-948A-115ABB9730CE}.Debug|Any CPU.ActiveCfg = Debug|Any CPU
		{4FB2F4C0-B71F-480B-948A-115ABB9730CE}.Debug|Any CPU.Build.0 = Debug|Any CPU
		{4FB2F4C0-B71F-480B-948A-115ABB9730CE}.Debug|x64.ActiveCfg = Debug|Any CPU
		{4FB2F4C0-B71F-480B-948A-115ABB9730CE}.Debug|x64.Build.0 = Debug|Any CPU
		{4FB2F4C0-B71F-480B-948A-115ABB9730CE}.Release|Any CPU.ActiveCfg = Release|Any CPU
		{4FB2F4C0-B71F-480B-948A-115ABB9730CE}.Release|Any CPU.Build.0 = Release|Any CPU
		{4FB2F4C0-B71F-480B-948A-115ABB9730CE}.Release|x64.ActiveCfg = Release|Any CPU
		{4FB2F4C0-B71F-480B-948A-115ABB9730CE}.Release|x64.Build.0 = Release|Any CPU
		{63B79B41-D922-41B1-B821-2D01F0CB30BB}.Debug|Any CPU.ActiveCfg = Debug|Any CPU
		{63B79B41-D922-41B1-B821-2D01F0CB30BB}.Debug|Any CPU.Build.0 = Debug|Any CPU
		{63B79B41-D922-41B1-B821-2D01F0CB30BB}.Debug|x64.ActiveCfg = Debug|Any CPU
		{63B79B41-D922-41B1-B821-2D01F0CB30BB}.Debug|x64.Build.0 = Debug|Any CPU
		{63B79B41-D922-41B1-B821-2D01F0CB30BB}.Release|Any CPU.ActiveCfg = Release|Any CPU
		{63B79B41-D922-41B1-B821-2D01F0CB30BB}.Release|Any CPU.Build.0 = Release|Any CPU
		{63B79B41-D922-41B1-B821-2D01F0CB30BB}.Release|x64.ActiveCfg = Release|Any CPU
		{63B79B41-D922-41B1-B821-2D01F0CB30BB}.Release|x64.Build.0 = Release|Any CPU
		{0A6A9FF7-A894-4B1E-9F9F-8B1ED2DEA955}.Debug|Any CPU.ActiveCfg = Debug|Any CPU
		{0A6A9FF7-A894-4B1E-9F9F-8B1ED2DEA955}.Debug|Any CPU.Build.0 = Debug|Any CPU
		{0A6A9FF7-A894-4B1E-9F9F-8B1ED2DEA955}.Debug|x64.ActiveCfg = Debug|Any CPU
		{0A6A9FF7-A894-4B1E-9F9F-8B1ED2DEA955}.Debug|x64.Build.0 = Debug|Any CPU
		{0A6A9FF7-A894-4B1E-9F9F-8B1ED2DEA955}.Release|Any CPU.ActiveCfg = Release|Any CPU
		{0A6A9FF7-A894-4B1E-9F9F-8B1ED2DEA955}.Release|Any CPU.Build.0 = Release|Any CPU
		{0A6A9FF7-A894-4B1E-9F9F-8B1ED2DEA955}.Release|x64.ActiveCfg = Release|Any CPU
		{0A6A9FF7-A894-4B1E-9F9F-8B1ED2DEA955}.Release|x64.Build.0 = Release|Any CPU
		{D52CC6CE-CEFD-45E0-AE8A-5B90A3D5F77D}.Debug|Any CPU.ActiveCfg = Debug|Any CPU
		{D52CC6CE-CEFD-45E0-AE8A-5B90A3D5F77D}.Debug|Any CPU.Build.0 = Debug|Any CPU
		{D52CC6CE-CEFD-45E0-AE8A-5B90A3D5F77D}.Debug|x64.ActiveCfg = Debug|Any CPU
		{D52CC6CE-CEFD-45E0-AE8A-5B90A3D5F77D}.Debug|x64.Build.0 = Debug|Any CPU
		{D52CC6CE-CEFD-45E0-AE8A-5B90A3D5F77D}.Release|Any CPU.ActiveCfg = Release|Any CPU
		{D52CC6CE-CEFD-45E0-AE8A-5B90A3D5F77D}.Release|Any CPU.Build.0 = Release|Any CPU
		{D52CC6CE-CEFD-45E0-AE8A-5B90A3D5F77D}.Release|x64.ActiveCfg = Release|Any CPU
		{D52CC6CE-CEFD-45E0-AE8A-5B90A3D5F77D}.Release|x64.Build.0 = Release|Any CPU
		{722C1ADA-3A26-42BE-8733-3944DB4FD45C}.Debug|Any CPU.ActiveCfg = Debug|Any CPU
		{722C1ADA-3A26-42BE-8733-3944DB4FD45C}.Debug|Any CPU.Build.0 = Debug|Any CPU
		{722C1ADA-3A26-42BE-8733-3944DB4FD45C}.Debug|x64.ActiveCfg = Debug|Any CPU
		{722C1ADA-3A26-42BE-8733-3944DB4FD45C}.Debug|x64.Build.0 = Debug|Any CPU
		{722C1ADA-3A26-42BE-8733-3944DB4FD45C}.Release|Any CPU.ActiveCfg = Release|Any CPU
		{722C1ADA-3A26-42BE-8733-3944DB4FD45C}.Release|Any CPU.Build.0 = Release|Any CPU
		{722C1ADA-3A26-42BE-8733-3944DB4FD45C}.Release|x64.ActiveCfg = Release|Any CPU
		{722C1ADA-3A26-42BE-8733-3944DB4FD45C}.Release|x64.Build.0 = Release|Any CPU
		{2E56810E-6E2F-4BE3-A09F-2E487EACBED9}.Debug|Any CPU.ActiveCfg = Debug|Any CPU
		{2E56810E-6E2F-4BE3-A09F-2E487EACBED9}.Debug|Any CPU.Build.0 = Debug|Any CPU
		{2E56810E-6E2F-4BE3-A09F-2E487EACBED9}.Debug|x64.ActiveCfg = Debug|Any CPU
		{2E56810E-6E2F-4BE3-A09F-2E487EACBED9}.Debug|x64.Build.0 = Debug|Any CPU
		{2E56810E-6E2F-4BE3-A09F-2E487EACBED9}.Release|Any CPU.ActiveCfg = Release|Any CPU
		{2E56810E-6E2F-4BE3-A09F-2E487EACBED9}.Release|Any CPU.Build.0 = Release|Any CPU
		{2E56810E-6E2F-4BE3-A09F-2E487EACBED9}.Release|x64.ActiveCfg = Release|Any CPU
		{2E56810E-6E2F-4BE3-A09F-2E487EACBED9}.Release|x64.Build.0 = Release|Any CPU
		{3877054A-C434-467B-9AB2-BE0152E46D97}.Debug|Any CPU.ActiveCfg = Debug|Any CPU
		{3877054A-C434-467B-9AB2-BE0152E46D97}.Debug|Any CPU.Build.0 = Debug|Any CPU
		{3877054A-C434-467B-9AB2-BE0152E46D97}.Debug|x64.ActiveCfg = Debug|Any CPU
		{3877054A-C434-467B-9AB2-BE0152E46D97}.Debug|x64.Build.0 = Debug|Any CPU
		{3877054A-C434-467B-9AB2-BE0152E46D97}.Release|Any CPU.ActiveCfg = Release|Any CPU
		{3877054A-C434-467B-9AB2-BE0152E46D97}.Release|Any CPU.Build.0 = Release|Any CPU
		{3877054A-C434-467B-9AB2-BE0152E46D97}.Release|x64.ActiveCfg = Release|Any CPU
		{3877054A-C434-467B-9AB2-BE0152E46D97}.Release|x64.Build.0 = Release|Any CPU
		{99391BB9-F166-4022-AC07-AD6654336944}.Debug|Any CPU.ActiveCfg = Debug|Any CPU
		{99391BB9-F166-4022-AC07-AD6654336944}.Debug|Any CPU.Build.0 = Debug|Any CPU
		{99391BB9-F166-4022-AC07-AD6654336944}.Debug|x64.ActiveCfg = Debug|Any CPU
		{99391BB9-F166-4022-AC07-AD6654336944}.Debug|x64.Build.0 = Debug|Any CPU
		{99391BB9-F166-4022-AC07-AD6654336944}.Release|Any CPU.ActiveCfg = Release|Any CPU
		{99391BB9-F166-4022-AC07-AD6654336944}.Release|Any CPU.Build.0 = Release|Any CPU
		{99391BB9-F166-4022-AC07-AD6654336944}.Release|x64.ActiveCfg = Release|Any CPU
		{99391BB9-F166-4022-AC07-AD6654336944}.Release|x64.Build.0 = Release|Any CPU
	EndGlobalSection
	GlobalSection(SolutionProperties) = preSolution
		HideSolutionNode = FALSE
	EndGlobalSection
	GlobalSection(NestedProjects) = preSolution
		{DC5E8B76-74E4-4322-8FD4-384111243A52} = {13DDFB6C-F723-442F-9383-C0245483F8BB}
		{4C2B6AC3-5C69-42CA-82E9-A5B54BC2CB45} = {DC5E8B76-74E4-4322-8FD4-384111243A52}
		{9987B8BE-0C26-462E-8972-679AF523EF79} = {13DDFB6C-F723-442F-9383-C0245483F8BB}
		{4FB2F4C0-B71F-480B-948A-115ABB9730CE} = {9987B8BE-0C26-462E-8972-679AF523EF79}
		{10F56D0B-95B4-4B5E-AC15-13C131AE49DE} = {13DDFB6C-F723-442F-9383-C0245483F8BB}
		{63B79B41-D922-41B1-B821-2D01F0CB30BB} = {10F56D0B-95B4-4B5E-AC15-13C131AE49DE}
		{408DA627-2FCC-4564-AFCA-635BED6AE0EC} = {13DDFB6C-F723-442F-9383-C0245483F8BB}
		{0A6A9FF7-A894-4B1E-9F9F-8B1ED2DEA955} = {408DA627-2FCC-4564-AFCA-635BED6AE0EC}
		{61C7EEE5-F55B-4E2B-B1B3-0AC533FACBFD} = {13DDFB6C-F723-442F-9383-C0245483F8BB}
		{D52CC6CE-CEFD-45E0-AE8A-5B90A3D5F77D} = {61C7EEE5-F55B-4E2B-B1B3-0AC533FACBFD}
		{722C1ADA-3A26-42BE-8733-3944DB4FD45C} = {61C7EEE5-F55B-4E2B-B1B3-0AC533FACBFD}
		{566B9985-7590-437D-984D-39E1639A8640} = {13DDFB6C-F723-442F-9383-C0245483F8BB}
		{2E56810E-6E2F-4BE3-A09F-2E487EACBED9} = {566B9985-7590-437D-984D-39E1639A8640}
		{4561D59A-8746-4B27-AFEE-C17034419896} = {13DDFB6C-F723-442F-9383-C0245483F8BB}
		{3877054A-C434-467B-9AB2-BE0152E46D97} = {4561D59A-8746-4B27-AFEE-C17034419896}
		{99391BB9-F166-4022-AC07-AD6654336944} = {4561D59A-8746-4B27-AFEE-C17034419896}
	EndGlobalSection
	GlobalSection(ExtensibilityGlobals) = postSolution
		SolutionGuid = {8C288838-487A-4CE5-B3D6-74C26880604A}
	EndGlobalSection
EndGlobal
